
Microsoft Visual Studio Solution File, Format Version 12.00
# Visual Studio 15
VisualStudioVersion = 15.0.27703.2042
MinimumVisualStudioVersion = 10.0.40219.1
Project("{FAE04EC0-301F-11D3-BF4B-00C04F79EFBC}") = "RIK_HomeWork", "RIK_HomeWork\RIK_HomeWork.csproj", "{D727EF78-69D3-4238-8D20-1481E187074C}"
EndProject
Global
	GlobalSection(SolutionConfigurationPlatforms) = preSolution
		Debug|Any CPU = Debug|Any CPU
		Release|Any CPU = Release|Any CPU
	EndGlobalSection
	GlobalSection(ProjectConfigurationPlatforms) = postSolution
		{D727EF78-69D3-4238-8D20-1481E187074C}.Debug|Any CPU.ActiveCfg = Debug|Any CPU
		{D727EF78-69D3-4238-8D20-1481E187074C}.Debug|Any CPU.Build.0 = Debug|Any CPU
		{D727EF78-69D3-4238-8D20-1481E187074C}.Release|Any CPU.ActiveCfg = Release|Any CPU
		{D727EF78-69D3-4238-8D20-1481E187074C}.Release|Any CPU.Build.0 = Release|Any CPU
	EndGlobalSection
	GlobalSection(SolutionProperties) = preSolution
		HideSolutionNode = FALSE
	EndGlobalSection
	GlobalSection(ExtensibilityGlobals) = postSolution
		SolutionGuid = {0126C7D5-7CD5-4EBB-8784-0BA7A14DDB3F}
	EndGlobalSection
EndGlobal
